
Microsoft Visual Studio Solution File, Format Version 12.00
# Visual Studio Version 17
VisualStudioVersion = 17.5.002.0
MinimumVisualStudioVersion = 10.0.40219.1
Project("{9A19103F-16F7-4668-BE54-9A1E7A4F7556}") = "holidaybook", "holidaybook.csproj", "{13E74B0C-864B-4EB7-87C1-1AD8C380D399}"
EndProject
Global
	GlobalSection(SolutionConfigurationPlatforms) = preSolution
		Debug|Any CPU = Debug|Any CPU
		Release|Any CPU = Release|Any CPU
	EndGlobalSection
	GlobalSection(ProjectConfigurationPlatforms) = postSolution
		{13E74B0C-864B-4EB7-87C1-1AD8C380D399}.Debug|Any CPU.ActiveCfg = Debug|Any CPU
		{13E74B0C-864B-4EB7-87C1-1AD8C380D399}.Debug|Any CPU.Build.0 = Debug|Any CPU
		{13E74B0C-864B-4EB7-87C1-1AD8C380D399}.Release|Any CPU.ActiveCfg = Release|Any CPU
		{13E74B0C-864B-4EB7-87C1-1AD8C380D399}.Release|Any CPU.Build.0 = Release|Any CPU
	EndGlobalSection
	GlobalSection(SolutionProperties) = preSolution
		HideSolutionNode = FALSE
	EndGlobalSection
	GlobalSection(ExtensibilityGlobals) = postSolution
		SolutionGuid = {FD5148C1-98FA-4B72-962C-60A43056417B}
	EndGlobalSection
EndGlobal
